
Microsoft Visual Studio Solution File, Format Version 12.00
# Visual Studio Version 17
VisualStudioVersion = 17.5.33530.505
MinimumVisualStudioVersion = 10.0.40219.1
Project("{FAE04EC0-301F-11D3-BF4B-00C04F79EFBC}") = "Bankomat_2", "Bankomat_2\Bankomat_2.csproj", "{A9AB247E-AF68-49D2-8386-075A826EC041}"
EndProject
Global
	GlobalSection(SolutionConfigurationPlatforms) = preSolution
		Debug|Any CPU = Debug|Any CPU
		Release|Any CPU = Release|Any CPU
	EndGlobalSection
	GlobalSection(ProjectConfigurationPlatforms) = postSolution
		{A9AB247E-AF68-49D2-8386-075A826EC041}.Debug|Any CPU.ActiveCfg = Debug|Any CPU
		{A9AB247E-AF68-49D2-8386-075A826EC041}.Debug|Any CPU.Build.0 = Debug|Any CPU
		{A9AB247E-AF68-49D2-8386-075A826EC041}.Release|Any CPU.ActiveCfg = Release|Any CPU
		{A9AB247E-AF68-49D2-8386-075A826EC041}.Release|Any CPU.Build.0 = Release|Any CPU
	EndGlobalSection
	GlobalSection(SolutionProperties) = preSolution
		HideSolutionNode = FALSE
	EndGlobalSection
	GlobalSection(ExtensibilityGlobals) = postSolution
		SolutionGuid = {A6EAAD36-57F1-4071-BD03-6ACF50C14506}
	EndGlobalSection
EndGlobal
